dependencies:
- name: airflow
  repository: https://airflow-helm.github.io/charts
  version: 8.0.9
- name: helx-search-api
  repository: https://cschreep.github.io/charts/
  version: 0.1.0
- name: elasticsearch
  repository: https://helm.elastic.co
  version: 7.12.0
- name: redis
  repository: https://charts.bitnami.com/bitnami
  version: 13.0.0
- name: tranql
  repository: ""
  version: 0.1.0
- name: helx-search-ui
  repository: https://cschreep.github.io/charts/
  version: 0.1.0
digest: sha256:7436b206ef82103c9e358a380c7a6ad770e5e3373d6f513e797cb19ad2952564
generated: "2021-05-03T14:55:13.799169-04:00"
